
Microsoft Visual Studio Solution File, Format Version 12.00
# Visual Studio Version 16
VisualStudioVersion = 16.0.29411.138
MinimumVisualStudioVersion = 10.0.40219.1
Project("{9A19103F-16F7-4668-BE54-9A1E7A4F7556}") = "LoggingCore", "LoggingCore\LoggingCore.csproj", "{50755EAF-C3AB-42EE-B3DC-BE4E4323C0FA}"
EndProject
Project("{E53339B2-1760-4266-BCC7-CA923CBCF16C}") = "docker-compose", "docker-compose.dcproj", "{D17B7245-D277-4B05-AB4C-52345CE328F3}"
EndProject
Global
	GlobalSection(SolutionConfigurationPlatforms) = preSolution
		Debug|Any CPU = Debug|Any CPU
		Release|Any CPU = Release|Any CPU
	EndGlobalSection
	GlobalSection(ProjectConfigurationPlatforms) = postSolution
		{50755EAF-C3AB-42EE-B3DC-BE4E4323C0FA}.Debug|Any CPU.ActiveCfg = Debug|Any CPU
		{50755EAF-C3AB-42EE-B3DC-BE4E4323C0FA}.Debug|Any CPU.Build.0 = Debug|Any CPU
		{50755EAF-C3AB-42EE-B3DC-BE4E4323C0FA}.Release|Any CPU.ActiveCfg = Release|Any CPU
		{50755EAF-C3AB-42EE-B3DC-BE4E4323C0FA}.Release|Any CPU.Build.0 = Release|Any CPU
		{D17B7245-D277-4B05-AB4C-52345CE328F3}.Debug|Any CPU.ActiveCfg = Debug|Any CPU
		{D17B7245-D277-4B05-AB4C-52345CE328F3}.Debug|Any CPU.Build.0 = Debug|Any CPU
		{D17B7245-D277-4B05-AB4C-52345CE328F3}.Release|Any CPU.ActiveCfg = Release|Any CPU
		{D17B7245-D277-4B05-AB4C-52345CE328F3}.Release|Any CPU.Build.0 = Release|Any CPU
	EndGlobalSection
	GlobalSection(SolutionProperties) = preSolution
		HideSolutionNode = FALSE
	EndGlobalSection
	GlobalSection(ExtensibilityGlobals) = postSolution
		SolutionGuid = {62EE168C-D08A-4D4E-B235-F2A35939C135}
	EndGlobalSection
EndGlobal
